
Microsoft Visual Studio Solution File, Format Version 12.00
# Visual Studio 2012
Project("{FAE04EC0-301F-11D3-BF4B-00C04F79EFBC}") = "MvcApplication33", "MvcApplication33\MvcApplication33.csproj", "{491E1E4A-4E39-4C2B-9281-9093CD438829}"
EndProject
Global
	GlobalSection(SolutionConfigurationPlatforms) = preSolution
		Debug|Any CPU = Debug|Any CPU
		Release|Any CPU = Release|Any CPU
	EndGlobalSection
	GlobalSection(ProjectConfigurationPlatforms) = postSolution
		{491E1E4A-4E39-4C2B-9281-9093CD438829}.Debug|Any CPU.ActiveCfg = Debug|Any CPU
		{491E1E4A-4E39-4C2B-9281-9093CD438829}.Debug|Any CPU.Build.0 = Debug|Any CPU
		{491E1E4A-4E39-4C2B-9281-9093CD438829}.Release|Any CPU.ActiveCfg = Release|Any CPU
		{491E1E4A-4E39-4C2B-9281-9093CD438829}.Release|Any CPU.Build.0 = Release|Any CPU
	EndGlobalSection
	GlobalSection(SolutionProperties) = preSolution
		HideSolutionNode = FALSE
	EndGlobalSection
EndGlobal
